
Microsoft Visual Studio Solution File, Format Version 12.00
# Visual Studio Version 17
VisualStudioVersion = 17.5.002.0
MinimumVisualStudioVersion = 10.0.40219.1
Project("{9A19103F-16F7-4668-BE54-9A1E7A4F7556}") = "EventBooking", "EventBooking.csproj", "{C25B0C95-BB3C-4CB7-A22F-4441B6014628}"
EndProject
Global
	GlobalSection(SolutionConfigurationPlatforms) = preSolution
		Debug|Any CPU = Debug|Any CPU
		Release|Any CPU = Release|Any CPU
	EndGlobalSection
	GlobalSection(ProjectConfigurationPlatforms) = postSolution
		{C25B0C95-BB3C-4CB7-A22F-4441B6014628}.Debug|Any CPU.ActiveCfg = Debug|Any CPU
		{C25B0C95-BB3C-4CB7-A22F-4441B6014628}.Debug|Any CPU.Build.0 = Debug|Any CPU
		{C25B0C95-BB3C-4CB7-A22F-4441B6014628}.Release|Any CPU.ActiveCfg = Release|Any CPU
		{C25B0C95-BB3C-4CB7-A22F-4441B6014628}.Release|Any CPU.Build.0 = Release|Any CPU
	EndGlobalSection
	GlobalSection(SolutionProperties) = preSolution
		HideSolutionNode = FALSE
	EndGlobalSection
	GlobalSection(ExtensibilityGlobals) = postSolution
		SolutionGuid = {2DE9FC16-9802-48AA-83A4-640D777E44F8}
	EndGlobalSection
EndGlobal
